
Microsoft Visual Studio Solution File, Format Version 12.00
# Visual Studio 15
VisualStudioVersion = 15.0.26730.15
MinimumVisualStudioVersion = 10.0.40219.1
Project("{FAE04EC0-301F-11D3-BF4B-00C04F79EFBC}") = "NG-Ecommerce-Website", "NG-Ecommerce-Website\NG-Ecommerce-Website.csproj", "{B2D8F6F3-A210-4D09-A466-837F751E7B89}"
EndProject
Project("{FAE04EC0-301F-11D3-BF4B-00C04F79EFBC}") = "SharedUI", "..\..\..\..\Class Libraries\SharedUI\SharedUI-Live\SharedUI.csproj", "{7D2E6C9B-66D8-435B-8E50-FE4B7D89CA69}"
EndProject
Project("{FAE04EC0-301F-11D3-BF4B-00C04F79EFBC}") = "BusinessLogic", "..\..\..\..\Class Libraries\BusinessLogic\BusinessLogic-Live\BusinessLogic.csproj", "{D0E45348-8F8F-4A85-85D2-0100353C2909}"
EndProject
Project("{FAE04EC0-301F-11D3-BF4B-00C04F79EFBC}") = "DataAccess", "..\..\..\..\Class Libraries\DataAccess\DataAccess-Live\DataAccess.csproj", "{EB047C3E-145C-4C31-8470-5CA9F6B37976}"
EndProject
Global
	GlobalSection(SolutionConfigurationPlatforms) = preSolution
		Debug|Any CPU = Debug|Any CPU
		Release|Any CPU = Release|Any CPU
	EndGlobalSection
	GlobalSection(ProjectConfigurationPlatforms) = postSolution
		{B2D8F6F3-A210-4D09-A466-837F751E7B89}.Debug|Any CPU.ActiveCfg = Debug|Any CPU
		{B2D8F6F3-A210-4D09-A466-837F751E7B89}.Debug|Any CPU.Build.0 = Debug|Any CPU
		{B2D8F6F3-A210-4D09-A466-837F751E7B89}.Release|Any CPU.ActiveCfg = Release|Any CPU
		{B2D8F6F3-A210-4D09-A466-837F751E7B89}.Release|Any CPU.Build.0 = Release|Any CPU
		{7D2E6C9B-66D8-435B-8E50-FE4B7D89CA69}.Debug|Any CPU.ActiveCfg = Debug|Any CPU
		{7D2E6C9B-66D8-435B-8E50-FE4B7D89CA69}.Debug|Any CPU.Build.0 = Debug|Any CPU
		{7D2E6C9B-66D8-435B-8E50-FE4B7D89CA69}.Release|Any CPU.ActiveCfg = Release|Any CPU
		{7D2E6C9B-66D8-435B-8E50-FE4B7D89CA69}.Release|Any CPU.Build.0 = Release|Any CPU
		{D0E45348-8F8F-4A85-85D2-0100353C2909}.Debug|Any CPU.ActiveCfg = Debug|Any CPU
		{D0E45348-8F8F-4A85-85D2-0100353C2909}.Debug|Any CPU.Build.0 = Debug|Any CPU
		{D0E45348-8F8F-4A85-85D2-0100353C2909}.Release|Any CPU.ActiveCfg = Release|Any CPU
		{D0E45348-8F8F-4A85-85D2-0100353C2909}.Release|Any CPU.Build.0 = Release|Any CPU
		{EB047C3E-145C-4C31-8470-5CA9F6B37976}.Debug|Any CPU.ActiveCfg = Debug|Any CPU
		{EB047C3E-145C-4C31-8470-5CA9F6B37976}.Debug|Any CPU.Build.0 = Debug|Any CPU
		{EB047C3E-145C-4C31-8470-5CA9F6B37976}.Release|Any CPU.ActiveCfg = Release|Any CPU
		{EB047C3E-145C-4C31-8470-5CA9F6B37976}.Release|Any CPU.Build.0 = Release|Any CPU
	EndGlobalSection
	GlobalSection(SolutionProperties) = preSolution
		HideSolutionNode = FALSE
	EndGlobalSection
	GlobalSection(ExtensibilityGlobals) = postSolution
		SolutionGuid = {847EE729-D6B8-418C-B922-EB0FC148EA86}
	EndGlobalSection
	GlobalSection(TeamFoundationVersionControl) = preSolution
		SccNumberOfProjects = 5
		SccEnterpriseProvider = {4CA58AB2-18FA-4F8D-95D4-32DDF27D184C}
		SccTeamFoundationServer = https://netgiant.visualstudio.com/
		SccLocalPath0 = .
		SccProjectUniqueName1 = NG-Ecommerce-Website\\NG-Ecommerce-Website.csproj
		SccProjectName1 = NG-Ecommerce-Website
		SccLocalPath1 = NG-Ecommerce-Website
		SccProjectUniqueName2 = ..\\..\\..\\..\\Class\u0020Libraries\\SharedUI\\SharedUI-Live\\SharedUI.csproj
		SccProjectName2 = ../../../../Class\u0020Libraries/SharedUI/SharedUI-Live
		SccLocalPath2 = ..\\..\\..\\..\\Class\u0020Libraries\\SharedUI\\SharedUI-Live
		SccProjectUniqueName3 = ..\\..\\..\\..\\Class\u0020Libraries\\BusinessLogic\\BusinessLogic-Live\\BusinessLogic.csproj
		SccProjectName3 = ../../../../Class\u0020Libraries/BusinessLogic/BusinessLogic-Live
		SccLocalPath3 = ..\\..\\..\\..\\Class\u0020Libraries\\BusinessLogic\\BusinessLogic-Live
		SccProjectUniqueName4 = ..\\..\\..\\..\\Class\u0020Libraries\\DataAccess\\DataAccess-Live\\DataAccess.csproj
		SccProjectName4 = ../../../../Class\u0020Libraries/DataAccess/DataAccess-Live
		SccLocalPath4 = ..\\..\\..\\..\\Class\u0020Libraries\\DataAccess\\DataAccess-Live
	EndGlobalSection
EndGlobal
