
Microsoft Visual Studio Solution File, Format Version 12.00
# Visual Studio 14
VisualStudioVersion = 14.0.25420.1
MinimumVisualStudioVersion = 10.0.40219.1
Project("{FAE04EC0-301F-11D3-BF4B-00C04F79EFBC}") = "DP001Website", "DP001Website\DP001Website.csproj", "{0D04D8BA-A049-4D92-926E-425BA72B70BD}"
	ProjectSection(ProjectDependencies) = postProject
		{4AB79006-51A0-49C1-9D91-099F600D010B} = {4AB79006-51A0-49C1-9D91-099F600D010B}
		{8BF76EE7-1091-47F2-8E6A-A989086F723C} = {8BF76EE7-1091-47F2-8E6A-A989086F723C}
	EndProjectSection
EndProject
Project("{FAE04EC0-301F-11D3-BF4B-00C04F79EFBC}") = "DP001DataAccess", "..\..\Class Libraries\DataAccess\DP001DataAccess-LIVE-BugFix\DP001DataAccess.csproj", "{4AB79006-51A0-49C1-9D91-099F600D010B}"
EndProject
Project("{FAE04EC0-301F-11D3-BF4B-00C04F79EFBC}") = "DP001BusinessLogic", "..\..\Class Libraries\BusinessLogic\DP001BusinessLogic-LIVE-BugFix\DP001BusinessLogic.csproj", "{8BF76EE7-1091-47F2-8E6A-A989086F723C}"
EndProject
Global
	GlobalSection(SolutionConfigurationPlatforms) = preSolution
		Debug|Any CPU = Debug|Any CPU
		Debug|x64 = Debug|x64
		Release|Any CPU = Release|Any CPU
		Release|x64 = Release|x64
	EndGlobalSection
	GlobalSection(ProjectConfigurationPlatforms) = postSolution
		{0D04D8BA-A049-4D92-926E-425BA72B70BD}.Debug|Any CPU.ActiveCfg = Debug|Any CPU
		{0D04D8BA-A049-4D92-926E-425BA72B70BD}.Debug|Any CPU.Build.0 = Debug|Any CPU
		{0D04D8BA-A049-4D92-926E-425BA72B70BD}.Debug|x64.ActiveCfg = Debug|x64
		{0D04D8BA-A049-4D92-926E-425BA72B70BD}.Debug|x64.Build.0 = Debug|x64
		{0D04D8BA-A049-4D92-926E-425BA72B70BD}.Release|Any CPU.ActiveCfg = Release|Any CPU
		{0D04D8BA-A049-4D92-926E-425BA72B70BD}.Release|Any CPU.Build.0 = Release|Any CPU
		{0D04D8BA-A049-4D92-926E-425BA72B70BD}.Release|x64.ActiveCfg = Release|Any CPU
		{0D04D8BA-A049-4D92-926E-425BA72B70BD}.Release|x64.Build.0 = Release|Any CPU
		{4AB79006-51A0-49C1-9D91-099F600D010B}.Debug|Any CPU.ActiveCfg = Debug|Any CPU
		{4AB79006-51A0-49C1-9D91-099F600D010B}.Debug|Any CPU.Build.0 = Debug|Any CPU
		{4AB79006-51A0-49C1-9D91-099F600D010B}.Debug|x64.ActiveCfg = Debug|x64
		{4AB79006-51A0-49C1-9D91-099F600D010B}.Debug|x64.Build.0 = Debug|x64
		{4AB79006-51A0-49C1-9D91-099F600D010B}.Release|Any CPU.ActiveCfg = Release|Any CPU
		{4AB79006-51A0-49C1-9D91-099F600D010B}.Release|Any CPU.Build.0 = Release|Any CPU
		{4AB79006-51A0-49C1-9D91-099F600D010B}.Release|x64.ActiveCfg = Release|x64
		{4AB79006-51A0-49C1-9D91-099F600D010B}.Release|x64.Build.0 = Release|x64
		{8BF76EE7-1091-47F2-8E6A-A989086F723C}.Debug|Any CPU.ActiveCfg = Debug|Any CPU
		{8BF76EE7-1091-47F2-8E6A-A989086F723C}.Debug|Any CPU.Build.0 = Debug|Any CPU
		{8BF76EE7-1091-47F2-8E6A-A989086F723C}.Debug|x64.ActiveCfg = Debug|x64
		{8BF76EE7-1091-47F2-8E6A-A989086F723C}.Debug|x64.Build.0 = Debug|x64
		{8BF76EE7-1091-47F2-8E6A-A989086F723C}.Release|Any CPU.ActiveCfg = Release|Any CPU
		{8BF76EE7-1091-47F2-8E6A-A989086F723C}.Release|Any CPU.Build.0 = Release|Any CPU
		{8BF76EE7-1091-47F2-8E6A-A989086F723C}.Release|x64.ActiveCfg = Release|x64
		{8BF76EE7-1091-47F2-8E6A-A989086F723C}.Release|x64.Build.0 = Release|x64
	EndGlobalSection
	GlobalSection(SolutionProperties) = preSolution
		HideSolutionNode = FALSE
	EndGlobalSection
	GlobalSection(TeamFoundationVersionControl) = preSolution
		SccNumberOfProjects = 4
		SccEnterpriseProvider = {4CA58AB2-18FA-4F8D-95D4-32DDF27D184C}
		SccTeamFoundationServer = https://netgiant.visualstudio.com/defaultcollection
		SccLocalPath0 = .
		SccProjectUniqueName1 = DP001Website\\DP001Website.csproj
		SccProjectName1 = DP001Website
		SccLocalPath1 = DP001Website
		SccProjectUniqueName2 = ..\\..\\Class\u0020Libraries\\DataAccess\\DP001DataAccess-LIVE-BugFix\\DP001DataAccess.csproj
		SccProjectName2 = ../../Class\u0020Libraries/DataAccess/DP001DataAccess-LIVE-BugFix
		SccLocalPath2 = ..\\..\\Class\u0020Libraries\\DataAccess\\DP001DataAccess-LIVE-BugFix
		SccProjectUniqueName3 = ..\\..\\Class\u0020Libraries\\BusinessLogic\\DP001BusinessLogic-LIVE-BugFix\\DP001BusinessLogic.csproj
		SccProjectName3 = ../../Class\u0020Libraries/BusinessLogic/DP001BusinessLogic-LIVE-BugFix
		SccLocalPath3 = ..\\..\\Class\u0020Libraries\\BusinessLogic\\DP001BusinessLogic-LIVE-BugFix
	EndGlobalSection
EndGlobal
