
Microsoft Visual Studio Solution File, Format Version 12.00
# Visual Studio Version 16
VisualStudioVersion = 16.0.28922.388
MinimumVisualStudioVersion = 10.0.40219.1
Project("{FAE04EC0-301F-11D3-BF4B-00C04F79EFBC}") = "IE-Ecommerce-Website", "IE-Ecommerce-Website\IE-Ecommerce-Website.csproj", "{7A326A04-7656-43A5-8289-404F4B76C4C4}"
EndProject
Project("{FAE04EC0-301F-11D3-BF4B-00C04F79EFBC}") = "BusinessLogic", "..\..\..\Class Libraries\BusinessLogic\BusinessLogic\BusinessLogic.csproj", "{D0E45348-8F8F-4A85-85D2-0100353C2909}"
EndProject
Project("{FAE04EC0-301F-11D3-BF4B-00C04F79EFBC}") = "CommonUI", "..\..\..\Class Libraries\CommonUI\CommonUI\CommonUI.csproj", "{26F8CE4B-89FF-4034-B1DB-B5D7529A8909}"
EndProject
Project("{FAE04EC0-301F-11D3-BF4B-00C04F79EFBC}") = "DataAccess", "..\..\..\Class Libraries\DataAccess\DataAccess\DataAccess.csproj", "{EB047C3E-145C-4C31-8470-5CA9F6B37976}"
EndProject
Global
	GlobalSection(SolutionConfigurationPlatforms) = preSolution
		Debug|Any CPU = Debug|Any CPU
		Release|Any CPU = Release|Any CPU
	EndGlobalSection
	GlobalSection(ProjectConfigurationPlatforms) = postSolution
		{7A326A04-7656-43A5-8289-404F4B76C4C4}.Debug|Any CPU.ActiveCfg = Debug|Any CPU
		{7A326A04-7656-43A5-8289-404F4B76C4C4}.Debug|Any CPU.Build.0 = Debug|Any CPU
		{7A326A04-7656-43A5-8289-404F4B76C4C4}.Release|Any CPU.ActiveCfg = Release|Any CPU
		{7A326A04-7656-43A5-8289-404F4B76C4C4}.Release|Any CPU.Build.0 = Release|Any CPU
		{D0E45348-8F8F-4A85-85D2-0100353C2909}.Debug|Any CPU.ActiveCfg = Debug|Any CPU
		{D0E45348-8F8F-4A85-85D2-0100353C2909}.Debug|Any CPU.Build.0 = Debug|Any CPU
		{D0E45348-8F8F-4A85-85D2-0100353C2909}.Release|Any CPU.ActiveCfg = Release|Any CPU
		{D0E45348-8F8F-4A85-85D2-0100353C2909}.Release|Any CPU.Build.0 = Release|Any CPU
		{26F8CE4B-89FF-4034-B1DB-B5D7529A8909}.Debug|Any CPU.ActiveCfg = Debug|Any CPU
		{26F8CE4B-89FF-4034-B1DB-B5D7529A8909}.Debug|Any CPU.Build.0 = Debug|Any CPU
		{26F8CE4B-89FF-4034-B1DB-B5D7529A8909}.Release|Any CPU.ActiveCfg = Release|Any CPU
		{26F8CE4B-89FF-4034-B1DB-B5D7529A8909}.Release|Any CPU.Build.0 = Release|Any CPU
		{EB047C3E-145C-4C31-8470-5CA9F6B37976}.Debug|Any CPU.ActiveCfg = Debug|Any CPU
		{EB047C3E-145C-4C31-8470-5CA9F6B37976}.Debug|Any CPU.Build.0 = Debug|Any CPU
		{EB047C3E-145C-4C31-8470-5CA9F6B37976}.Release|Any CPU.ActiveCfg = Release|Any CPU
		{EB047C3E-145C-4C31-8470-5CA9F6B37976}.Release|Any CPU.Build.0 = Release|Any CPU
	EndGlobalSection
	GlobalSection(SolutionProperties) = preSolution
		HideSolutionNode = FALSE
	EndGlobalSection
	GlobalSection(ExtensibilityGlobals) = postSolution
		SolutionGuid = {0AC2EA64-E35B-49E3-B9FC-E8C00191BA04}
	EndGlobalSection
	GlobalSection(TeamFoundationVersionControl) = preSolution
		SccNumberOfProjects = 5
		SccEnterpriseProvider = {4CA58AB2-18FA-4F8D-95D4-32DDF27D184C}
		SccTeamFoundationServer = https://netgiant.visualstudio.com/
		SccProjectUniqueName0 = ..\\..\\..\\Class\u0020Libraries\\BusinessLogic\\BusinessLogic\\BusinessLogic.csproj
		SccProjectName0 = ../../../Class\u0020Libraries/BusinessLogic/BusinessLogic
		SccLocalPath0 = ..\\..\\..\\Class\u0020Libraries\\BusinessLogic\\BusinessLogic
		SccProjectUniqueName1 = ..\\..\\..\\Class\u0020Libraries\\CommonUI\\CommonUI\\CommonUI.csproj
		SccProjectName1 = ../../../Class\u0020Libraries/CommonUI/CommonUI
		SccLocalPath1 = ..\\..\\..\\Class\u0020Libraries\\CommonUI\\CommonUI
		SccProjectUniqueName2 = ..\\..\\..\\Class\u0020Libraries\\DataAccess\\DataAccess\\DataAccess.csproj
		SccProjectName2 = ../../../Class\u0020Libraries/DataAccess/DataAccess
		SccLocalPath2 = ..\\..\\..\\Class\u0020Libraries\\DataAccess\\DataAccess
		SccLocalPath3 = .
		SccProjectUniqueName4 = IE-Ecommerce-Website\\IE-Ecommerce-Website.csproj
		SccProjectName4 = IE-Ecommerce-Website
		SccLocalPath4 = IE-Ecommerce-Website
	EndGlobalSection
EndGlobal
