
Microsoft Visual Studio Solution File, Format Version 12.00
# Visual Studio Version 18
VisualStudioVersion = 18.8.12021.73
MinimumVisualStudioVersion = 10.0.40219.1
Project("{FAE04EC0-301F-11D3-BF4B-00C04F79EFBC}") = "netGiant.Intranet", "netGiant.Intranet\netGiant.Intranet.csproj", "{E29F56ED-C7F5-49A9-B6B3-B55BF1E30620}"
EndProject
Project("{FAE04EC0-301F-11D3-BF4B-00C04F79EFBC}") = "netGiant.Intranet.BusinessLayer", "netGiant.Intranet.BusinessLayer\netGiant.Intranet.BusinessLayer.csproj", "{6671E29A-BFEB-4321-A7D0-68D812B1E035}"
EndProject
Project("{FAE04EC0-301F-11D3-BF4B-00C04F79EFBC}") = "netGiant.Intranet.DataLayer", "..\..\Class Libraries\ngmd.DataLayer\netGiant.Intranet.DataLayer\netGiant.Intranet.DataLayer.csproj", "{1CFF9D16-890D-471E-8A7D-37B2485EE063}"
EndProject
Global
	GlobalSection(SolutionConfigurationPlatforms) = preSolution
		Debug|Any CPU = Debug|Any CPU
		Release|Any CPU = Release|Any CPU
	EndGlobalSection
	GlobalSection(ProjectConfigurationPlatforms) = postSolution
		{E29F56ED-C7F5-49A9-B6B3-B55BF1E30620}.Debug|Any CPU.ActiveCfg = Debug|Any CPU
		{E29F56ED-C7F5-49A9-B6B3-B55BF1E30620}.Debug|Any CPU.Build.0 = Debug|Any CPU
		{E29F56ED-C7F5-49A9-B6B3-B55BF1E30620}.Release|Any CPU.ActiveCfg = Release|Any CPU
		{E29F56ED-C7F5-49A9-B6B3-B55BF1E30620}.Release|Any CPU.Build.0 = Release|Any CPU
		{6671E29A-BFEB-4321-A7D0-68D812B1E035}.Debug|Any CPU.ActiveCfg = Debug|Any CPU
		{6671E29A-BFEB-4321-A7D0-68D812B1E035}.Debug|Any CPU.Build.0 = Debug|Any CPU
		{6671E29A-BFEB-4321-A7D0-68D812B1E035}.Release|Any CPU.ActiveCfg = Release|Any CPU
		{6671E29A-BFEB-4321-A7D0-68D812B1E035}.Release|Any CPU.Build.0 = Release|Any CPU
		{1CFF9D16-890D-471E-8A7D-37B2485EE063}.Debug|Any CPU.ActiveCfg = Debug|Any CPU
		{1CFF9D16-890D-471E-8A7D-37B2485EE063}.Debug|Any CPU.Build.0 = Debug|Any CPU
		{1CFF9D16-890D-471E-8A7D-37B2485EE063}.Release|Any CPU.ActiveCfg = Release|Any CPU
		{1CFF9D16-890D-471E-8A7D-37B2485EE063}.Release|Any CPU.Build.0 = Release|Any CPU
	EndGlobalSection
	GlobalSection(SolutionProperties) = preSolution
		HideSolutionNode = FALSE
	EndGlobalSection
	GlobalSection(ExtensibilityGlobals) = postSolution
		SolutionGuid = {CCE4E87D-2486-49E7-B09A-57ADD72AC1BD}
	EndGlobalSection
EndGlobal
